
Microsoft Visual Studio Solution File, Format Version 10.00
# Visual Studio 2008
Project("{FAE04EC0-301F-11D3-BF4B-00C04F79EFBC}") = "RabbitMQ.ServiceModel", "RabbitMQ.ServiceModel\RabbitMQ.ServiceModel.csproj", "{F9732EA2-7475-4A89-933B-51C5C36138EF}"
EndProject
Project("{FAE04EC0-301F-11D3-BF4B-00C04F79EFBC}") = "RabbitMQ.ServiceModel.Test", "Test\RabbitMQ.ServiceModel.Test.csproj", "{39CA1299-1F9E-452E-AA00-4BF874944B1E}"
EndProject
Project("{FAE04EC0-301F-11D3-BF4B-00C04F79EFBC}") = "ConsoleApplication1", "..\..\..\..\Users\Will\Documents\Visual Studio 2008\Projects\ConsoleApplication1\ConsoleApplication1.csproj", "{6A4F4399-7AD6-45D5-BAFF-D685FAE0027E}"
EndProject
Global
	GlobalSection(SolutionConfigurationPlatforms) = preSolution
		Debug|Any CPU = Debug|Any CPU
		Release|Any CPU = Release|Any CPU
	EndGlobalSection
	GlobalSection(ProjectConfigurationPlatforms) = postSolution
		{F9732EA2-7475-4A89-933B-51C5C36138EF}.Debug|Any CPU.ActiveCfg = Debug|Any CPU
		{F9732EA2-7475-4A89-933B-51C5C36138EF}.Debug|Any CPU.Build.0 = Debug|Any CPU
		{F9732EA2-7475-4A89-933B-51C5C36138EF}.Release|Any CPU.ActiveCfg = Release|Any CPU
		{F9732EA2-7475-4A89-933B-51C5C36138EF}.Release|Any CPU.Build.0 = Release|Any CPU
		{39CA1299-1F9E-452E-AA00-4BF874944B1E}.Debug|Any CPU.ActiveCfg = Debug|Any CPU
		{39CA1299-1F9E-452E-AA00-4BF874944B1E}.Debug|Any CPU.Build.0 = Debug|Any CPU
		{39CA1299-1F9E-452E-AA00-4BF874944B1E}.Release|Any CPU.ActiveCfg = Release|Any CPU
		{39CA1299-1F9E-452E-AA00-4BF874944B1E}.Release|Any CPU.Build.0 = Release|Any CPU
		{6A4F4399-7AD6-45D5-BAFF-D685FAE0027E}.Debug|Any CPU.ActiveCfg = Debug|Any CPU
		{6A4F4399-7AD6-45D5-BAFF-D685FAE0027E}.Debug|Any CPU.Build.0 = Debug|Any CPU
		{6A4F4399-7AD6-45D5-BAFF-D685FAE0027E}.Release|Any CPU.ActiveCfg = Release|Any CPU
		{6A4F4399-7AD6-45D5-BAFF-D685FAE0027E}.Release|Any CPU.Build.0 = Release|Any CPU
	EndGlobalSection
	GlobalSection(SolutionProperties) = preSolution
		HideSolutionNode = FALSE
	EndGlobalSection
EndGlobal
