
Microsoft Visual Studio Solution File, Format Version 12.00
# Visual Studio 2013
VisualStudioVersion = 12.0.31101.0
MinimumVisualStudioVersion = 10.0.40219.1
Project("{2150E333-8FDC-42A3-9474-1A3956D46DE8}") = "projects", "projects", "{068D7DC3-8E6E-4951-B9E3-272C641BF0DE}"
EndProject
Project("{2150E333-8FDC-42A3-9474-1A3956D46DE8}") = "client", "client", "{ECCBAEE2-24C9-4C95-A88C-03B68E866F0F}"
EndProject
Project("{2150E333-8FDC-42A3-9474-1A3956D46DE8}") = "wcf", "wcf", "{9093855F-C802-407D-B127-CADD8F92FCD8}"
EndProject
Project("{FAE04EC0-301F-11D3-BF4B-00C04F79EFBC}") = "RabbitMQ.Client.ApigenBootstrap", "projects\client\ApigenBootstrap\RabbitMQ.Client.ApigenBootstrap.csproj", "{CC8F4572-6730-4C4D-A0BB-15151E2A26AE}"
EndProject
Project("{FAE04EC0-301F-11D3-BF4B-00C04F79EFBC}") = "RabbitMQ.Client.Apigen", "projects\client\Apigen\RabbitMQ.Client.Apigen.csproj", "{9E8B8DC5-3837-46E9-90D7-8391CC62AB45}"
EndProject
Project("{FAE04EC0-301F-11D3-BF4B-00C04F79EFBC}") = "RabbitMQ.Client", "projects\client\RabbitMQ.Client\RabbitMQ.Client.csproj", "{71713FDD-D5EC-40B2-A924-76F80AD57E12}"
	ProjectSection(ProjectDependencies) = postProject
		{9E8B8DC5-3837-46E9-90D7-8391CC62AB45} = {9E8B8DC5-3837-46E9-90D7-8391CC62AB45}
	EndProjectSection
EndProject
Project("{FAE04EC0-301F-11D3-BF4B-00C04F79EFBC}") = "RabbitMQ.Client.Unit", "projects\client\Unit\RabbitMQ.Client.Unit.csproj", "{DC9022AA-DC30-4871-AD28-3F166E05DBB5}"
EndProject
Project("{FAE04EC0-301F-11D3-BF4B-00C04F79EFBC}") = "RabbitMQ.ServiceModel", "projects\wcf\RabbitMQ.ServiceModel\RabbitMQ.ServiceModel.csproj", "{5117232B-EE07-46F8-8AF5-2B636F1DBF56}"
EndProject
Global
	GlobalSection(SolutionConfigurationPlatforms) = preSolution
		Debug|Any CPU = Debug|Any CPU
		DebugNoTest|Any CPU = DebugNoTest|Any CPU
		Release|Any CPU = Release|Any CPU
	EndGlobalSection
	GlobalSection(ProjectConfigurationPlatforms) = postSolution
		{CC8F4572-6730-4C4D-A0BB-15151E2A26AE}.Debug|Any CPU.ActiveCfg = Debug|Any CPU
		{CC8F4572-6730-4C4D-A0BB-15151E2A26AE}.Debug|Any CPU.Build.0 = Debug|Any CPU
		{CC8F4572-6730-4C4D-A0BB-15151E2A26AE}.DebugNoTest|Any CPU.ActiveCfg = Debug|Any CPU
		{CC8F4572-6730-4C4D-A0BB-15151E2A26AE}.DebugNoTest|Any CPU.Build.0 = Debug|Any CPU
		{CC8F4572-6730-4C4D-A0BB-15151E2A26AE}.Release|Any CPU.ActiveCfg = Release|Any CPU
		{CC8F4572-6730-4C4D-A0BB-15151E2A26AE}.Release|Any CPU.Build.0 = Release|Any CPU
		{9E8B8DC5-3837-46E9-90D7-8391CC62AB45}.Debug|Any CPU.ActiveCfg = Debug|Any CPU
		{9E8B8DC5-3837-46E9-90D7-8391CC62AB45}.Debug|Any CPU.Build.0 = Debug|Any CPU
		{9E8B8DC5-3837-46E9-90D7-8391CC62AB45}.DebugNoTest|Any CPU.ActiveCfg = Debug|Any CPU
		{9E8B8DC5-3837-46E9-90D7-8391CC62AB45}.DebugNoTest|Any CPU.Build.0 = Debug|Any CPU
		{9E8B8DC5-3837-46E9-90D7-8391CC62AB45}.Release|Any CPU.ActiveCfg = Release|Any CPU
		{9E8B8DC5-3837-46E9-90D7-8391CC62AB45}.Release|Any CPU.Build.0 = Release|Any CPU
		{71713FDD-D5EC-40B2-A924-76F80AD57E12}.Debug|Any CPU.ActiveCfg = Debug|Any CPU
		{71713FDD-D5EC-40B2-A924-76F80AD57E12}.Debug|Any CPU.Build.0 = Debug|Any CPU
		{71713FDD-D5EC-40B2-A924-76F80AD57E12}.DebugNoTest|Any CPU.ActiveCfg = Debug|Any CPU
		{71713FDD-D5EC-40B2-A924-76F80AD57E12}.DebugNoTest|Any CPU.Build.0 = Debug|Any CPU
		{71713FDD-D5EC-40B2-A924-76F80AD57E12}.Release|Any CPU.ActiveCfg = Release|Any CPU
		{71713FDD-D5EC-40B2-A924-76F80AD57E12}.Release|Any CPU.Build.0 = Release|Any CPU
		{DC9022AA-DC30-4871-AD28-3F166E05DBB5}.Debug|Any CPU.ActiveCfg = Debug|Any CPU
		{DC9022AA-DC30-4871-AD28-3F166E05DBB5}.Debug|Any CPU.Build.0 = Debug|Any CPU
		{DC9022AA-DC30-4871-AD28-3F166E05DBB5}.DebugNoTest|Any CPU.ActiveCfg = Debug|Any CPU
		{DC9022AA-DC30-4871-AD28-3F166E05DBB5}.Release|Any CPU.ActiveCfg = Release|Any CPU
		{DC9022AA-DC30-4871-AD28-3F166E05DBB5}.Release|Any CPU.Build.0 = Release|Any CPU
		{5117232B-EE07-46F8-8AF5-2B636F1DBF56}.Debug|Any CPU.ActiveCfg = Debug|Any CPU
		{5117232B-EE07-46F8-8AF5-2B636F1DBF56}.Debug|Any CPU.Build.0 = Debug|Any CPU
		{5117232B-EE07-46F8-8AF5-2B636F1DBF56}.DebugNoTest|Any CPU.ActiveCfg = Debug|Any CPU
		{5117232B-EE07-46F8-8AF5-2B636F1DBF56}.DebugNoTest|Any CPU.Build.0 = Debug|Any CPU
		{5117232B-EE07-46F8-8AF5-2B636F1DBF56}.Release|Any CPU.ActiveCfg = Release|Any CPU
		{5117232B-EE07-46F8-8AF5-2B636F1DBF56}.Release|Any CPU.Build.0 = Release|Any CPU
	EndGlobalSection
	GlobalSection(SolutionProperties) = preSolution
		HideSolutionNode = FALSE
	EndGlobalSection
	GlobalSection(NestedProjects) = preSolution
		{ECCBAEE2-24C9-4C95-A88C-03B68E866F0F} = {068D7DC3-8E6E-4951-B9E3-272C641BF0DE}
		{9093855F-C802-407D-B127-CADD8F92FCD8} = {068D7DC3-8E6E-4951-B9E3-272C641BF0DE}
		{CC8F4572-6730-4C4D-A0BB-15151E2A26AE} = {ECCBAEE2-24C9-4C95-A88C-03B68E866F0F}
		{9E8B8DC5-3837-46E9-90D7-8391CC62AB45} = {ECCBAEE2-24C9-4C95-A88C-03B68E866F0F}
		{71713FDD-D5EC-40B2-A924-76F80AD57E12} = {ECCBAEE2-24C9-4C95-A88C-03B68E866F0F}
		{DC9022AA-DC30-4871-AD28-3F166E05DBB5} = {ECCBAEE2-24C9-4C95-A88C-03B68E866F0F}
		{5117232B-EE07-46F8-8AF5-2B636F1DBF56} = {9093855F-C802-407D-B127-CADD8F92FCD8}
	EndGlobalSection
EndGlobal
