
Microsoft Visual Studio Solution File, Format Version 10.00
# Visual Studio 2008
Project("{2150E333-8FDC-42A3-9474-1A3956D46DE8}") = "projects", "projects", "{068D7DC3-8E6E-4951-B9E3-272C641BF0DE}"
EndProject
Project("{2150E333-8FDC-42A3-9474-1A3956D46DE8}") = "client", "client", "{ECCBAEE2-24C9-4C95-A88C-03B68E866F0F}"
EndProject
Project("{FAE04EC0-301F-11D3-BF4B-00C04F79EFBC}") = "ApiGenBootstrap", "projects\client\ApiGenBootstrap\ApiGenBootstrap.csproj", "{CC8F4572-6730-4C4D-A0BB-15151E2A26AE}"
EndProject
Project("{FAE04EC0-301F-11D3-BF4B-00C04F79EFBC}") = "ApiGen", "projects\client\ApiGen\ApiGen.csproj", "{9E8B8DC5-3837-46E9-90D7-8391CC62AB45}"
EndProject
Project("{FAE04EC0-301F-11D3-BF4B-00C04F79EFBC}") = "RabbitMQ.Client", "projects\client\RabbitMQ.Client\RabbitMQ.Client.csproj", "{71713FDD-D5EC-40B2-A924-76F80AD57E12}"
	ProjectSection(ProjectDependencies) = postProject
		{9E8B8DC5-3837-46E9-90D7-8391CC62AB45} = {9E8B8DC5-3837-46E9-90D7-8391CC62AB45}
	EndProjectSection
EndProject
Project("{FAE04EC0-301F-11D3-BF4B-00C04F79EFBC}") = "Test", "projects\client\Test\Test.csproj", "{DC9022AA-DC30-4871-AD28-3F166E05DBB5}"
EndProject
Project("{2150E333-8FDC-42A3-9474-1A3956D46DE8}") = "wcf", "wcf", "{9093855F-C802-407D-B127-CADD8F92FCD8}"
EndProject
Project("{FAE04EC0-301F-11D3-BF4B-00C04F79EFBC}") = "RabbitMQ.ServiceModel", "projects\wcf\RabbitMQ.ServiceModel\RabbitMQ.ServiceModel.csproj", "{5117232B-EE07-46F8-8AF5-2B636F1DBF56}"
EndProject
Project("{2150E333-8FDC-42A3-9474-1A3956D46DE8}") = "examples", "examples", "{23B4D18E-E5D3-4BF8-A488-021B96A5DD72}"
EndProject
Project("{2150E333-8FDC-42A3-9474-1A3956D46DE8}") = "client", "client", "{78D13AD2-B1AC-442C-95C8-958D643FC40B}"
EndProject
Project("{FAE04EC0-301F-11D3-BF4B-00C04F79EFBC}") = "AddClient", "projects\examples\client\AddClient\AddClient.csproj", "{F03945AD-08C5-4531-805C-5B0BA110E9CF}"
EndProject
Project("{FAE04EC0-301F-11D3-BF4B-00C04F79EFBC}") = "AddServer", "projects\examples\client\AddServer\AddServer.csproj", "{95E9B6BE-FCA4-4C59-AFAB-1D974D972981}"
EndProject
Project("{FAE04EC0-301F-11D3-BF4B-00C04F79EFBC}") = "DeclareQueue", "projects\examples\client\DeclareQueue\DeclareQueue.csproj", "{7B63B8B6-6D7B-4A97-B842-F92106300EF5}"
EndProject
Project("{FAE04EC0-301F-11D3-BF4B-00C04F79EFBC}") = "ExceptionTest", "projects\examples\client\ExceptionTest\ExceptionTest.csproj", "{DF16FE28-4B38-4684-9519-97A9391180ED}"
EndProject
Project("{FAE04EC0-301F-11D3-BF4B-00C04F79EFBC}") = "LogTail", "projects\examples\client\LogTail\LogTail.csproj", "{C2F83746-050A-4091-BA7F-F2F1CBC1FA97}"
EndProject
Project("{FAE04EC0-301F-11D3-BF4B-00C04F79EFBC}") = "LowlevelLogTail", "projects\examples\client\LowlevelLogTail\LowlevelLogTail.csproj", "{EB2F5C4D-7A66-469A-99E8-1933715B0540}"
EndProject
Project("{FAE04EC0-301F-11D3-BF4B-00C04F79EFBC}") = "SendMap", "projects\examples\client\SendMap\SendMap.csproj", "{A626CC84-04E9-4614-A389-FCE3122BE6BC}"
EndProject
Project("{FAE04EC0-301F-11D3-BF4B-00C04F79EFBC}") = "SendString", "projects\examples\client\SendString\SendString.csproj", "{23680866-F877-4E06-B999-FDFD0B6A8CF6}"
EndProject
Project("{FAE04EC0-301F-11D3-BF4B-00C04F79EFBC}") = "SingleGet", "projects\examples\client\SingleGet\SingleGet.csproj", "{6BF8B993-1722-446E-89B3-7BAC6066BECC}"
EndProject
Global
	GlobalSection(SolutionConfigurationPlatforms) = preSolution
		Debug|Any CPU = Debug|Any CPU
		DebugNoTest|Any CPU = DebugNoTest|Any CPU
		Release|Any CPU = Release|Any CPU
	EndGlobalSection
	GlobalSection(ProjectConfigurationPlatforms) = postSolution
		{CC8F4572-6730-4C4D-A0BB-15151E2A26AE}.Debug|Any CPU.ActiveCfg = Debug|Any CPU
		{CC8F4572-6730-4C4D-A0BB-15151E2A26AE}.Debug|Any CPU.Build.0 = Debug|Any CPU
		{CC8F4572-6730-4C4D-A0BB-15151E2A26AE}.DebugNoTest|Any CPU.ActiveCfg = Debug|Any CPU
		{CC8F4572-6730-4C4D-A0BB-15151E2A26AE}.DebugNoTest|Any CPU.Build.0 = Debug|Any CPU
		{CC8F4572-6730-4C4D-A0BB-15151E2A26AE}.Release|Any CPU.ActiveCfg = Release|Any CPU
		{CC8F4572-6730-4C4D-A0BB-15151E2A26AE}.Release|Any CPU.Build.0 = Release|Any CPU
		{9E8B8DC5-3837-46E9-90D7-8391CC62AB45}.Debug|Any CPU.ActiveCfg = Debug|Any CPU
		{9E8B8DC5-3837-46E9-90D7-8391CC62AB45}.Debug|Any CPU.Build.0 = Debug|Any CPU
		{9E8B8DC5-3837-46E9-90D7-8391CC62AB45}.DebugNoTest|Any CPU.ActiveCfg = Debug|Any CPU
		{9E8B8DC5-3837-46E9-90D7-8391CC62AB45}.DebugNoTest|Any CPU.Build.0 = Debug|Any CPU
		{9E8B8DC5-3837-46E9-90D7-8391CC62AB45}.Release|Any CPU.ActiveCfg = Release|Any CPU
		{9E8B8DC5-3837-46E9-90D7-8391CC62AB45}.Release|Any CPU.Build.0 = Release|Any CPU
		{71713FDD-D5EC-40B2-A924-76F80AD57E12}.Debug|Any CPU.ActiveCfg = Debug|Any CPU
		{71713FDD-D5EC-40B2-A924-76F80AD57E12}.Debug|Any CPU.Build.0 = Debug|Any CPU
		{71713FDD-D5EC-40B2-A924-76F80AD57E12}.DebugNoTest|Any CPU.ActiveCfg = Debug|Any CPU
		{71713FDD-D5EC-40B2-A924-76F80AD57E12}.DebugNoTest|Any CPU.Build.0 = Debug|Any CPU
		{71713FDD-D5EC-40B2-A924-76F80AD57E12}.Release|Any CPU.ActiveCfg = Release|Any CPU
		{71713FDD-D5EC-40B2-A924-76F80AD57E12}.Release|Any CPU.Build.0 = Release|Any CPU
		{DC9022AA-DC30-4871-AD28-3F166E05DBB5}.Debug|Any CPU.ActiveCfg = Debug|Any CPU
		{DC9022AA-DC30-4871-AD28-3F166E05DBB5}.Debug|Any CPU.Build.0 = Debug|Any CPU
		{DC9022AA-DC30-4871-AD28-3F166E05DBB5}.DebugNoTest|Any CPU.ActiveCfg = Debug|Any CPU
		{DC9022AA-DC30-4871-AD28-3F166E05DBB5}.Release|Any CPU.ActiveCfg = Release|Any CPU
		{DC9022AA-DC30-4871-AD28-3F166E05DBB5}.Release|Any CPU.Build.0 = Release|Any CPU
		{5117232B-EE07-46F8-8AF5-2B636F1DBF56}.Debug|Any CPU.ActiveCfg = Debug|Any CPU
		{5117232B-EE07-46F8-8AF5-2B636F1DBF56}.Debug|Any CPU.Build.0 = Debug|Any CPU
		{5117232B-EE07-46F8-8AF5-2B636F1DBF56}.DebugNoTest|Any CPU.ActiveCfg = Debug|Any CPU
		{5117232B-EE07-46F8-8AF5-2B636F1DBF56}.DebugNoTest|Any CPU.Build.0 = Debug|Any CPU
		{5117232B-EE07-46F8-8AF5-2B636F1DBF56}.Release|Any CPU.ActiveCfg = Release|Any CPU
		{5117232B-EE07-46F8-8AF5-2B636F1DBF56}.Release|Any CPU.Build.0 = Release|Any CPU
		{F03945AD-08C5-4531-805C-5B0BA110E9CF}.Debug|Any CPU.ActiveCfg = Debug|Any CPU
		{F03945AD-08C5-4531-805C-5B0BA110E9CF}.Debug|Any CPU.Build.0 = Debug|Any CPU
		{F03945AD-08C5-4531-805C-5B0BA110E9CF}.DebugNoTest|Any CPU.ActiveCfg = Debug|Any CPU
		{F03945AD-08C5-4531-805C-5B0BA110E9CF}.DebugNoTest|Any CPU.Build.0 = Debug|Any CPU
		{F03945AD-08C5-4531-805C-5B0BA110E9CF}.Release|Any CPU.ActiveCfg = Release|Any CPU
		{F03945AD-08C5-4531-805C-5B0BA110E9CF}.Release|Any CPU.Build.0 = Release|Any CPU
		{95E9B6BE-FCA4-4C59-AFAB-1D974D972981}.Debug|Any CPU.ActiveCfg = Debug|Any CPU
		{95E9B6BE-FCA4-4C59-AFAB-1D974D972981}.Debug|Any CPU.Build.0 = Debug|Any CPU
		{95E9B6BE-FCA4-4C59-AFAB-1D974D972981}.DebugNoTest|Any CPU.ActiveCfg = Debug|Any CPU
		{95E9B6BE-FCA4-4C59-AFAB-1D974D972981}.DebugNoTest|Any CPU.Build.0 = Debug|Any CPU
		{95E9B6BE-FCA4-4C59-AFAB-1D974D972981}.Release|Any CPU.ActiveCfg = Release|Any CPU
		{95E9B6BE-FCA4-4C59-AFAB-1D974D972981}.Release|Any CPU.Build.0 = Release|Any CPU
		{7B63B8B6-6D7B-4A97-B842-F92106300EF5}.Debug|Any CPU.ActiveCfg = Debug|Any CPU
		{7B63B8B6-6D7B-4A97-B842-F92106300EF5}.Debug|Any CPU.Build.0 = Debug|Any CPU
		{7B63B8B6-6D7B-4A97-B842-F92106300EF5}.DebugNoTest|Any CPU.ActiveCfg = Debug|Any CPU
		{7B63B8B6-6D7B-4A97-B842-F92106300EF5}.DebugNoTest|Any CPU.Build.0 = Debug|Any CPU
		{7B63B8B6-6D7B-4A97-B842-F92106300EF5}.Release|Any CPU.ActiveCfg = Release|Any CPU
		{7B63B8B6-6D7B-4A97-B842-F92106300EF5}.Release|Any CPU.Build.0 = Release|Any CPU
		{DF16FE28-4B38-4684-9519-97A9391180ED}.Debug|Any CPU.ActiveCfg = Debug|Any CPU
		{DF16FE28-4B38-4684-9519-97A9391180ED}.Debug|Any CPU.Build.0 = Debug|Any CPU
		{DF16FE28-4B38-4684-9519-97A9391180ED}.DebugNoTest|Any CPU.ActiveCfg = Debug|Any CPU
		{DF16FE28-4B38-4684-9519-97A9391180ED}.DebugNoTest|Any CPU.Build.0 = Debug|Any CPU
		{DF16FE28-4B38-4684-9519-97A9391180ED}.Release|Any CPU.ActiveCfg = Release|Any CPU
		{DF16FE28-4B38-4684-9519-97A9391180ED}.Release|Any CPU.Build.0 = Release|Any CPU
		{C2F83746-050A-4091-BA7F-F2F1CBC1FA97}.Debug|Any CPU.ActiveCfg = Debug|Any CPU
		{C2F83746-050A-4091-BA7F-F2F1CBC1FA97}.Debug|Any CPU.Build.0 = Debug|Any CPU
		{C2F83746-050A-4091-BA7F-F2F1CBC1FA97}.DebugNoTest|Any CPU.ActiveCfg = Debug|Any CPU
		{C2F83746-050A-4091-BA7F-F2F1CBC1FA97}.DebugNoTest|Any CPU.Build.0 = Debug|Any CPU
		{C2F83746-050A-4091-BA7F-F2F1CBC1FA97}.Release|Any CPU.ActiveCfg = Release|Any CPU
		{C2F83746-050A-4091-BA7F-F2F1CBC1FA97}.Release|Any CPU.Build.0 = Release|Any CPU
		{EB2F5C4D-7A66-469A-99E8-1933715B0540}.Debug|Any CPU.ActiveCfg = Debug|Any CPU
		{EB2F5C4D-7A66-469A-99E8-1933715B0540}.Debug|Any CPU.Build.0 = Debug|Any CPU
		{EB2F5C4D-7A66-469A-99E8-1933715B0540}.DebugNoTest|Any CPU.ActiveCfg = Debug|Any CPU
		{EB2F5C4D-7A66-469A-99E8-1933715B0540}.DebugNoTest|Any CPU.Build.0 = Debug|Any CPU
		{EB2F5C4D-7A66-469A-99E8-1933715B0540}.Release|Any CPU.ActiveCfg = Release|Any CPU
		{EB2F5C4D-7A66-469A-99E8-1933715B0540}.Release|Any CPU.Build.0 = Release|Any CPU
		{A626CC84-04E9-4614-A389-FCE3122BE6BC}.Debug|Any CPU.ActiveCfg = Debug|Any CPU
		{A626CC84-04E9-4614-A389-FCE3122BE6BC}.Debug|Any CPU.Build.0 = Debug|Any CPU
		{A626CC84-04E9-4614-A389-FCE3122BE6BC}.DebugNoTest|Any CPU.ActiveCfg = Debug|Any CPU
		{A626CC84-04E9-4614-A389-FCE3122BE6BC}.DebugNoTest|Any CPU.Build.0 = Debug|Any CPU
		{A626CC84-04E9-4614-A389-FCE3122BE6BC}.Release|Any CPU.ActiveCfg = Release|Any CPU
		{A626CC84-04E9-4614-A389-FCE3122BE6BC}.Release|Any CPU.Build.0 = Release|Any CPU
		{23680866-F877-4E06-B999-FDFD0B6A8CF6}.Debug|Any CPU.ActiveCfg = Debug|Any CPU
		{23680866-F877-4E06-B999-FDFD0B6A8CF6}.Debug|Any CPU.Build.0 = Debug|Any CPU
		{23680866-F877-4E06-B999-FDFD0B6A8CF6}.DebugNoTest|Any CPU.ActiveCfg = Debug|Any CPU
		{23680866-F877-4E06-B999-FDFD0B6A8CF6}.DebugNoTest|Any CPU.Build.0 = Debug|Any CPU
		{23680866-F877-4E06-B999-FDFD0B6A8CF6}.Release|Any CPU.ActiveCfg = Release|Any CPU
		{23680866-F877-4E06-B999-FDFD0B6A8CF6}.Release|Any CPU.Build.0 = Release|Any CPU
		{6BF8B993-1722-446E-89B3-7BAC6066BECC}.Debug|Any CPU.ActiveCfg = Debug|Any CPU
		{6BF8B993-1722-446E-89B3-7BAC6066BECC}.Debug|Any CPU.Build.0 = Debug|Any CPU
		{6BF8B993-1722-446E-89B3-7BAC6066BECC}.DebugNoTest|Any CPU.ActiveCfg = Debug|Any CPU
		{6BF8B993-1722-446E-89B3-7BAC6066BECC}.DebugNoTest|Any CPU.Build.0 = Debug|Any CPU
		{6BF8B993-1722-446E-89B3-7BAC6066BECC}.Release|Any CPU.ActiveCfg = Release|Any CPU
		{6BF8B993-1722-446E-89B3-7BAC6066BECC}.Release|Any CPU.Build.0 = Release|Any CPU
	EndGlobalSection
	GlobalSection(SolutionProperties) = preSolution
		HideSolutionNode = FALSE
	EndGlobalSection
	GlobalSection(NestedProjects) = preSolution
		{ECCBAEE2-24C9-4C95-A88C-03B68E866F0F} = {068D7DC3-8E6E-4951-B9E3-272C641BF0DE}
		{9093855F-C802-407D-B127-CADD8F92FCD8} = {068D7DC3-8E6E-4951-B9E3-272C641BF0DE}
		{23B4D18E-E5D3-4BF8-A488-021B96A5DD72} = {068D7DC3-8E6E-4951-B9E3-272C641BF0DE}
		{CC8F4572-6730-4C4D-A0BB-15151E2A26AE} = {ECCBAEE2-24C9-4C95-A88C-03B68E866F0F}
		{9E8B8DC5-3837-46E9-90D7-8391CC62AB45} = {ECCBAEE2-24C9-4C95-A88C-03B68E866F0F}
		{71713FDD-D5EC-40B2-A924-76F80AD57E12} = {ECCBAEE2-24C9-4C95-A88C-03B68E866F0F}
		{DC9022AA-DC30-4871-AD28-3F166E05DBB5} = {ECCBAEE2-24C9-4C95-A88C-03B68E866F0F}
		{5117232B-EE07-46F8-8AF5-2B636F1DBF56} = {9093855F-C802-407D-B127-CADD8F92FCD8}
		{78D13AD2-B1AC-442C-95C8-958D643FC40B} = {23B4D18E-E5D3-4BF8-A488-021B96A5DD72}
		{F03945AD-08C5-4531-805C-5B0BA110E9CF} = {78D13AD2-B1AC-442C-95C8-958D643FC40B}
		{95E9B6BE-FCA4-4C59-AFAB-1D974D972981} = {78D13AD2-B1AC-442C-95C8-958D643FC40B}
		{7B63B8B6-6D7B-4A97-B842-F92106300EF5} = {78D13AD2-B1AC-442C-95C8-958D643FC40B}
		{DF16FE28-4B38-4684-9519-97A9391180ED} = {78D13AD2-B1AC-442C-95C8-958D643FC40B}
		{C2F83746-050A-4091-BA7F-F2F1CBC1FA97} = {78D13AD2-B1AC-442C-95C8-958D643FC40B}
		{EB2F5C4D-7A66-469A-99E8-1933715B0540} = {78D13AD2-B1AC-442C-95C8-958D643FC40B}
		{A626CC84-04E9-4614-A389-FCE3122BE6BC} = {78D13AD2-B1AC-442C-95C8-958D643FC40B}
		{23680866-F877-4E06-B999-FDFD0B6A8CF6} = {78D13AD2-B1AC-442C-95C8-958D643FC40B}
		{6BF8B993-1722-446E-89B3-7BAC6066BECC} = {78D13AD2-B1AC-442C-95C8-958D643FC40B}
	EndGlobalSection
EndGlobal
