
Microsoft Visual Studio Solution File, Format Version 10.00
# Visual Studio 2008
Project("{FAE04EC0-301F-11D3-BF4B-00C04F79EFBC}") = "RabbitMQ.Client", "projects\RabbitMQ.Client\RabbitMQ.Client.csproj", "{71713FDD-D5EC-40B2-A924-76F80AD57E12}"
	ProjectSection(ProjectDependencies) = postProject
		{9E8B8DC5-3837-46E9-90D7-8391CC62AB45} = {9E8B8DC5-3837-46E9-90D7-8391CC62AB45}
	EndProjectSection
EndProject
Project("{FAE04EC0-301F-11D3-BF4B-00C04F79EFBC}") = "ApiGenBootstrap", "projects\ApiGenBootstrap\ApiGenBootstrap.csproj", "{CC8F4572-6730-4C4D-A0BB-15151E2A26AE}"
EndProject
Project("{FAE04EC0-301F-11D3-BF4B-00C04F79EFBC}") = "ApiGen", "projects\ApiGen\ApiGen.csproj", "{9E8B8DC5-3837-46E9-90D7-8391CC62AB45}"
EndProject
Project("{2150E333-8FDC-42A3-9474-1A3956D46DE8}") = "projects", "projects", "{0BDCE844-6B80-4E94-B033-B96F1B213419}"
EndProject
Global
	GlobalSection(SolutionConfigurationPlatforms) = preSolution
		Debug|Any CPU = Debug|Any CPU
		Release|Any CPU = Release|Any CPU
	EndGlobalSection
	GlobalSection(ProjectConfigurationPlatforms) = postSolution
		{71713FDD-D5EC-40B2-A924-76F80AD57E12}.Debug|Any CPU.ActiveCfg = Debug|Any CPU
		{71713FDD-D5EC-40B2-A924-76F80AD57E12}.Debug|Any CPU.Build.0 = Debug|Any CPU
		{71713FDD-D5EC-40B2-A924-76F80AD57E12}.Release|Any CPU.ActiveCfg = Release|Any CPU
		{71713FDD-D5EC-40B2-A924-76F80AD57E12}.Release|Any CPU.Build.0 = Release|Any CPU
		{CC8F4572-6730-4C4D-A0BB-15151E2A26AE}.Debug|Any CPU.ActiveCfg = Debug|Any CPU
		{CC8F4572-6730-4C4D-A0BB-15151E2A26AE}.Debug|Any CPU.Build.0 = Debug|Any CPU
		{CC8F4572-6730-4C4D-A0BB-15151E2A26AE}.Release|Any CPU.ActiveCfg = Release|Any CPU
		{CC8F4572-6730-4C4D-A0BB-15151E2A26AE}.Release|Any CPU.Build.0 = Release|Any CPU
		{9E8B8DC5-3837-46E9-90D7-8391CC62AB45}.Debug|Any CPU.ActiveCfg = Debug|Any CPU
		{9E8B8DC5-3837-46E9-90D7-8391CC62AB45}.Debug|Any CPU.Build.0 = Debug|Any CPU
		{9E8B8DC5-3837-46E9-90D7-8391CC62AB45}.Release|Any CPU.ActiveCfg = Release|Any CPU
		{9E8B8DC5-3837-46E9-90D7-8391CC62AB45}.Release|Any CPU.Build.0 = Release|Any CPU
	EndGlobalSection
	GlobalSection(SolutionProperties) = preSolution
		HideSolutionNode = FALSE
	EndGlobalSection
	GlobalSection(NestedProjects) = preSolution
		{CC8F4572-6730-4C4D-A0BB-15151E2A26AE} = {0BDCE844-6B80-4E94-B033-B96F1B213419}
		{9E8B8DC5-3837-46E9-90D7-8391CC62AB45} = {0BDCE844-6B80-4E94-B033-B96F1B213419}
		{71713FDD-D5EC-40B2-A924-76F80AD57E12} = {0BDCE844-6B80-4E94-B033-B96F1B213419}
	EndGlobalSection
EndGlobal
