Microsoft Visual Studio Solution File, Format Version 12.00
# Visual Studio Version 17
VisualStudioVersion = 17.7.34003.232
MinimumVisualStudioVersion = 10.0.40219.1
Project("{2150E333-8FDC-42A3-9474-1A3956D46DE8}") = "Solution Items", "Solution Items", "{34486CC0-D61E-46BA-9E5E-6E8EFA7C34B5}"
	ProjectSection(SolutionItems) = preProject
		.editorconfig = .editorconfig
		.gitignore = .gitignore
	EndProjectSection
EndProject
Project("{9A19103F-16F7-4668-BE54-9A1E7A4F7556}") = "RabbitMQ.Client", "projects\RabbitMQ.Client\RabbitMQ.Client.csproj", "{8C554257-5ECC-45DB-873D-560BFBB74EC8}"
EndProject
Project("{9A19103F-16F7-4668-BE54-9A1E7A4F7556}") = "Unit", "projects\Test\Unit\Unit.csproj", "{B8FAC024-CC03-4067-9FFC-02846FB8AE48}"
EndProject
Project("{9A19103F-16F7-4668-BE54-9A1E7A4F7556}") = "Benchmarks", "projects\Benchmarks\Benchmarks.csproj", "{38D72C9A-68E9-4653-B0CE-C7BA9FFD91D0}"
EndProject
Project("{9A19103F-16F7-4668-BE54-9A1E7A4F7556}") = "MassPublish", "projects\Applications\MassPublish\MassPublish.csproj", "{0E3C4FBE-9976-40A3-9F57-DC0D9B7A39A6}"
EndProject
Project("{2150E333-8FDC-42A3-9474-1A3956D46DE8}") = "Applications", "Applications", "{D21B282C-49E6-4A30-887B-9626D94B8D69}"
EndProject
Project("{9A19103F-16F7-4668-BE54-9A1E7A4F7556}") = "CreateChannel", "projects\Applications\CreateChannel\CreateChannel.csproj", "{4A589408-F3A3-40E1-A6DF-F5E620F7CA31}"
EndProject
Project("{9A19103F-16F7-4668-BE54-9A1E7A4F7556}") = "RabbitMQ.Client.OAuth2", "projects\RabbitMQ.Client.OAuth2\RabbitMQ.Client.OAuth2.csproj", "{794C7B31-0E9A-44A4-B285-0F3CAF6209F1}"
EndProject
Project("{9A19103F-16F7-4668-BE54-9A1E7A4F7556}") = "OAuth2", "projects\Test\OAuth2\OAuth2.csproj", "{897D13F0-AF06-444A-9072-CF7E809A4A2C}"
EndProject
Project("{2150E333-8FDC-42A3-9474-1A3956D46DE8}") = "Test", "Test", "{EFD4BED5-13A5-4D9C-AADF-CAB7E1573704}"
EndProject
Project("{9A19103F-16F7-4668-BE54-9A1E7A4F7556}") = "Integration", "projects\Test\Integration\Integration.csproj", "{B01347D8-C327-471B-A1FE-7B86F7684A27}"
	ProjectSection(ProjectDependencies) = postProject
		{C11F25F4-7EA1-4874-9E25-DEB42E3A7C67} = {C11F25F4-7EA1-4874-9E25-DEB42E3A7C67}
	EndProjectSection
EndProject
Project("{9A19103F-16F7-4668-BE54-9A1E7A4F7556}") = "SequentialIntegration", "projects\Test\SequentialIntegration\SequentialIntegration.csproj", "{F25725D7-2978-45F4-B90F-25D6F8B71C9E}"
	ProjectSection(ProjectDependencies) = postProject
		{C11F25F4-7EA1-4874-9E25-DEB42E3A7C67} = {C11F25F4-7EA1-4874-9E25-DEB42E3A7C67}
	EndProjectSection
EndProject
Project("{9A19103F-16F7-4668-BE54-9A1E7A4F7556}") = "Common", "projects\Test\Common\Common.csproj", "{C11F25F4-7EA1-4874-9E25-DEB42E3A7C67}"
EndProject
Project("{9A19103F-16F7-4668-BE54-9A1E7A4F7556}") = "ToxiproxyNetCore", "projects\toxiproxy-netcore\src\ToxiproxyNetCore\ToxiproxyNetCore.csproj", "{AB5B7C53-D7EC-4985-A6DE-70178E4B688A}"
EndProject
Project("{9A19103F-16F7-4668-BE54-9A1E7A4F7556}") = "RabbitMQ.Client.OpenTelemetry", "projects\RabbitMQ.Client.OpenTelemetry\RabbitMQ.Client.OpenTelemetry.csproj", "{16BF2086-AC7D-4EC3-8660-CC16E663ACB1}"
EndProject
Project("{9A19103F-16F7-4668-BE54-9A1E7A4F7556}") = "GH-1647", "projects\Applications\GH-1647\GH-1647.csproj", "{64ED07BF-4D77-47CD-AF4F-5B4525686FA1}"
EndProject
Project("{9A19103F-16F7-4668-BE54-9A1E7A4F7556}") = "PublisherConfirms", "projects\Applications\PublisherConfirms\PublisherConfirms.csproj", "{13149F73-2CDB-4ECF-BF2C-403860045751}"
EndProject
Project("{9A19103F-16F7-4668-BE54-9A1E7A4F7556}") = "GH-1749", "projects\Applications\GH-1749\GH-1749.csproj", "{725D9986-ACD1-424E-AF4C-2BEB407D2BD9}"
EndProject
Global
	GlobalSection(SolutionConfigurationPlatforms) = preSolution
		Debug|Any CPU = Debug|Any CPU
		Release|Any CPU = Release|Any CPU
	EndGlobalSection
	GlobalSection(ProjectConfigurationPlatforms) = postSolution
		{8C554257-5ECC-45DB-873D-560BFBB74EC8}.Debug|Any CPU.ActiveCfg = Debug|Any CPU
		{8C554257-5ECC-45DB-873D-560BFBB74EC8}.Debug|Any CPU.Build.0 = Debug|Any CPU
		{8C554257-5ECC-45DB-873D-560BFBB74EC8}.Release|Any CPU.ActiveCfg = Release|Any CPU
		{8C554257-5ECC-45DB-873D-560BFBB74EC8}.Release|Any CPU.Build.0 = Release|Any CPU
		{B8FAC024-CC03-4067-9FFC-02846FB8AE48}.Debug|Any CPU.ActiveCfg = Debug|Any CPU
		{B8FAC024-CC03-4067-9FFC-02846FB8AE48}.Debug|Any CPU.Build.0 = Debug|Any CPU
		{B8FAC024-CC03-4067-9FFC-02846FB8AE48}.Release|Any CPU.ActiveCfg = Release|Any CPU
		{B8FAC024-CC03-4067-9FFC-02846FB8AE48}.Release|Any CPU.Build.0 = Release|Any CPU
		{38D72C9A-68E9-4653-B0CE-C7BA9FFD91D0}.Debug|Any CPU.ActiveCfg = Debug|Any CPU
		{38D72C9A-68E9-4653-B0CE-C7BA9FFD91D0}.Debug|Any CPU.Build.0 = Debug|Any CPU
		{38D72C9A-68E9-4653-B0CE-C7BA9FFD91D0}.Release|Any CPU.ActiveCfg = Release|Any CPU
		{38D72C9A-68E9-4653-B0CE-C7BA9FFD91D0}.Release|Any CPU.Build.0 = Release|Any CPU
		{0E3C4FBE-9976-40A3-9F57-DC0D9B7A39A6}.Debug|Any CPU.ActiveCfg = Debug|Any CPU
		{0E3C4FBE-9976-40A3-9F57-DC0D9B7A39A6}.Debug|Any CPU.Build.0 = Debug|Any CPU
		{0E3C4FBE-9976-40A3-9F57-DC0D9B7A39A6}.Release|Any CPU.ActiveCfg = Release|Any CPU
		{0E3C4FBE-9976-40A3-9F57-DC0D9B7A39A6}.Release|Any CPU.Build.0 = Release|Any CPU
		{4A589408-F3A3-40E1-A6DF-F5E620F7CA31}.Debug|Any CPU.ActiveCfg = Debug|Any CPU
		{4A589408-F3A3-40E1-A6DF-F5E620F7CA31}.Debug|Any CPU.Build.0 = Debug|Any CPU
		{4A589408-F3A3-40E1-A6DF-F5E620F7CA31}.Release|Any CPU.ActiveCfg = Release|Any CPU
		{4A589408-F3A3-40E1-A6DF-F5E620F7CA31}.Release|Any CPU.Build.0 = Release|Any CPU
		{794C7B31-0E9A-44A4-B285-0F3CAF6209F1}.Debug|Any CPU.ActiveCfg = Debug|Any CPU
		{794C7B31-0E9A-44A4-B285-0F3CAF6209F1}.Debug|Any CPU.Build.0 = Debug|Any CPU
		{794C7B31-0E9A-44A4-B285-0F3CAF6209F1}.Release|Any CPU.ActiveCfg = Release|Any CPU
		{794C7B31-0E9A-44A4-B285-0F3CAF6209F1}.Release|Any CPU.Build.0 = Release|Any CPU
		{897D13F0-AF06-444A-9072-CF7E809A4A2C}.Debug|Any CPU.ActiveCfg = Debug|Any CPU
		{897D13F0-AF06-444A-9072-CF7E809A4A2C}.Debug|Any CPU.Build.0 = Debug|Any CPU
		{897D13F0-AF06-444A-9072-CF7E809A4A2C}.Release|Any CPU.ActiveCfg = Release|Any CPU
		{897D13F0-AF06-444A-9072-CF7E809A4A2C}.Release|Any CPU.Build.0 = Release|Any CPU
		{B01347D8-C327-471B-A1FE-7B86F7684A27}.Debug|Any CPU.ActiveCfg = Debug|Any CPU
		{B01347D8-C327-471B-A1FE-7B86F7684A27}.Debug|Any CPU.Build.0 = Debug|Any CPU
		{B01347D8-C327-471B-A1FE-7B86F7684A27}.Release|Any CPU.ActiveCfg = Release|Any CPU
		{B01347D8-C327-471B-A1FE-7B86F7684A27}.Release|Any CPU.Build.0 = Release|Any CPU
		{F25725D7-2978-45F4-B90F-25D6F8B71C9E}.Debug|Any CPU.ActiveCfg = Debug|Any CPU
		{F25725D7-2978-45F4-B90F-25D6F8B71C9E}.Debug|Any CPU.Build.0 = Debug|Any CPU
		{F25725D7-2978-45F4-B90F-25D6F8B71C9E}.Release|Any CPU.ActiveCfg = Release|Any CPU
		{F25725D7-2978-45F4-B90F-25D6F8B71C9E}.Release|Any CPU.Build.0 = Release|Any CPU
		{C11F25F4-7EA1-4874-9E25-DEB42E3A7C67}.Debug|Any CPU.ActiveCfg = Debug|Any CPU
		{C11F25F4-7EA1-4874-9E25-DEB42E3A7C67}.Debug|Any CPU.Build.0 = Debug|Any CPU
		{C11F25F4-7EA1-4874-9E25-DEB42E3A7C67}.Release|Any CPU.ActiveCfg = Release|Any CPU
		{C11F25F4-7EA1-4874-9E25-DEB42E3A7C67}.Release|Any CPU.Build.0 = Release|Any CPU
		{AB5B7C53-D7EC-4985-A6DE-70178E4B688A}.Debug|Any CPU.ActiveCfg = Debug|Any CPU
		{AB5B7C53-D7EC-4985-A6DE-70178E4B688A}.Debug|Any CPU.Build.0 = Debug|Any CPU
		{AB5B7C53-D7EC-4985-A6DE-70178E4B688A}.Release|Any CPU.ActiveCfg = Release|Any CPU
		{AB5B7C53-D7EC-4985-A6DE-70178E4B688A}.Release|Any CPU.Build.0 = Release|Any CPU
		{16BF2086-AC7D-4EC3-8660-CC16E663ACB1}.Debug|Any CPU.ActiveCfg = Debug|Any CPU
		{16BF2086-AC7D-4EC3-8660-CC16E663ACB1}.Debug|Any CPU.Build.0 = Debug|Any CPU
		{16BF2086-AC7D-4EC3-8660-CC16E663ACB1}.Release|Any CPU.ActiveCfg = Release|Any CPU
		{16BF2086-AC7D-4EC3-8660-CC16E663ACB1}.Release|Any CPU.Build.0 = Release|Any CPU
		{64ED07BF-4D77-47CD-AF4F-5B4525686FA1}.Debug|Any CPU.ActiveCfg = Debug|Any CPU
		{64ED07BF-4D77-47CD-AF4F-5B4525686FA1}.Debug|Any CPU.Build.0 = Debug|Any CPU
		{64ED07BF-4D77-47CD-AF4F-5B4525686FA1}.Release|Any CPU.ActiveCfg = Release|Any CPU
		{64ED07BF-4D77-47CD-AF4F-5B4525686FA1}.Release|Any CPU.Build.0 = Release|Any CPU
		{13149F73-2CDB-4ECF-BF2C-403860045751}.Debug|Any CPU.ActiveCfg = Debug|Any CPU
		{13149F73-2CDB-4ECF-BF2C-403860045751}.Debug|Any CPU.Build.0 = Debug|Any CPU
		{13149F73-2CDB-4ECF-BF2C-403860045751}.Release|Any CPU.ActiveCfg = Release|Any CPU
		{13149F73-2CDB-4ECF-BF2C-403860045751}.Release|Any CPU.Build.0 = Release|Any CPU
		{725D9986-ACD1-424E-AF4C-2BEB407D2BD9}.Debug|Any CPU.ActiveCfg = Debug|Any CPU
		{725D9986-ACD1-424E-AF4C-2BEB407D2BD9}.Debug|Any CPU.Build.0 = Debug|Any CPU
		{725D9986-ACD1-424E-AF4C-2BEB407D2BD9}.Release|Any CPU.ActiveCfg = Release|Any CPU
		{725D9986-ACD1-424E-AF4C-2BEB407D2BD9}.Release|Any CPU.Build.0 = Release|Any CPU
	EndGlobalSection
	GlobalSection(SolutionProperties) = preSolution
		HideSolutionNode = FALSE
	EndGlobalSection
	GlobalSection(NestedProjects) = preSolution
		{B8FAC024-CC03-4067-9FFC-02846FB8AE48} = {EFD4BED5-13A5-4D9C-AADF-CAB7E1573704}
		{0E3C4FBE-9976-40A3-9F57-DC0D9B7A39A6} = {D21B282C-49E6-4A30-887B-9626D94B8D69}
		{4A589408-F3A3-40E1-A6DF-F5E620F7CA31} = {D21B282C-49E6-4A30-887B-9626D94B8D69}
		{897D13F0-AF06-444A-9072-CF7E809A4A2C} = {EFD4BED5-13A5-4D9C-AADF-CAB7E1573704}
		{B01347D8-C327-471B-A1FE-7B86F7684A27} = {EFD4BED5-13A5-4D9C-AADF-CAB7E1573704}
		{F25725D7-2978-45F4-B90F-25D6F8B71C9E} = {EFD4BED5-13A5-4D9C-AADF-CAB7E1573704}
		{C11F25F4-7EA1-4874-9E25-DEB42E3A7C67} = {EFD4BED5-13A5-4D9C-AADF-CAB7E1573704}
		{AB5B7C53-D7EC-4985-A6DE-70178E4B688A} = {EFD4BED5-13A5-4D9C-AADF-CAB7E1573704}
		{64ED07BF-4D77-47CD-AF4F-5B4525686FA1} = {D21B282C-49E6-4A30-887B-9626D94B8D69}
		{13149F73-2CDB-4ECF-BF2C-403860045751} = {D21B282C-49E6-4A30-887B-9626D94B8D69}
		{725D9986-ACD1-424E-AF4C-2BEB407D2BD9} = {D21B282C-49E6-4A30-887B-9626D94B8D69}
	EndGlobalSection
	GlobalSection(ExtensibilityGlobals) = postSolution
		SolutionGuid = {3C6A0C44-FA63-4101-BBF9-2598641167D1}
	EndGlobalSection
	GlobalSection(MonoDevelopProperties) = preSolution
		Policies = $0
		$0.DotNetNamingPolicy = $1
		$1.DirectoryNamespaceAssociation = PrefixedHierarchical
		version = 8.0
	EndGlobalSection
EndGlobal
