
Microsoft Visual Studio Solution File, Format Version 10.00
# Visual Studio 2008
Project("{FAE04EC0-301F-11D3-BF4B-00C04F79EFBC}") = "Client", "Client\Client.csproj", "{201B37E1-9BFC-4A01-9760-30C5BB19CFE3}"
EndProject
Project("{FAE04EC0-301F-11D3-BF4B-00C04F79EFBC}") = "Server", "Server\Server.csproj", "{8D0DEB29-349C-4617-B61E-B22DE144BD22}"
EndProject
Project("{FAE04EC0-301F-11D3-BF4B-00C04F79EFBC}") = "WcfServiceLibrary1", "WcfServiceLibrary1\WcfServiceLibrary1.csproj", "{034B2E6C-78F4-4205-A73A-5D74E83B5F26}"
EndProject
Global
	GlobalSection(SolutionConfigurationPlatforms) = preSolution
		Debug|Any CPU = Debug|Any CPU
		Release|Any CPU = Release|Any CPU
	EndGlobalSection
	GlobalSection(ProjectConfigurationPlatforms) = postSolution
		{201B37E1-9BFC-4A01-9760-30C5BB19CFE3}.Debug|Any CPU.ActiveCfg = Debug|Any CPU
		{201B37E1-9BFC-4A01-9760-30C5BB19CFE3}.Debug|Any CPU.Build.0 = Debug|Any CPU
		{201B37E1-9BFC-4A01-9760-30C5BB19CFE3}.Release|Any CPU.ActiveCfg = Release|Any CPU
		{201B37E1-9BFC-4A01-9760-30C5BB19CFE3}.Release|Any CPU.Build.0 = Release|Any CPU
		{8D0DEB29-349C-4617-B61E-B22DE144BD22}.Debug|Any CPU.ActiveCfg = Debug|Any CPU
		{8D0DEB29-349C-4617-B61E-B22DE144BD22}.Debug|Any CPU.Build.0 = Debug|Any CPU
		{8D0DEB29-349C-4617-B61E-B22DE144BD22}.Release|Any CPU.ActiveCfg = Release|Any CPU
		{8D0DEB29-349C-4617-B61E-B22DE144BD22}.Release|Any CPU.Build.0 = Release|Any CPU
		{034B2E6C-78F4-4205-A73A-5D74E83B5F26}.Debug|Any CPU.ActiveCfg = Debug|Any CPU
		{034B2E6C-78F4-4205-A73A-5D74E83B5F26}.Debug|Any CPU.Build.0 = Debug|Any CPU
		{034B2E6C-78F4-4205-A73A-5D74E83B5F26}.Release|Any CPU.ActiveCfg = Release|Any CPU
		{034B2E6C-78F4-4205-A73A-5D74E83B5F26}.Release|Any CPU.Build.0 = Release|Any CPU
	EndGlobalSection
	GlobalSection(SolutionProperties) = preSolution
		HideSolutionNode = FALSE
	EndGlobalSection
EndGlobal
