
Microsoft Visual Studio Solution File, Format Version 12.00
# Visual Studio 15
VisualStudioVersion = 15.0.28010.2026
MinimumVisualStudioVersion = 10.0.40219.1
Project("{9A19103F-16F7-4668-BE54-9A1E7A4F7556}") = "RabbitMQ.Client", "RabbitMQ.Client.csproj", "{689DA76A-CA52-4880-AA1F-201BB0C56A2C}"
EndProject
Global
	GlobalSection(SolutionConfigurationPlatforms) = preSolution
		Debug|Any CPU = Debug|Any CPU
		Release|Any CPU = Release|Any CPU
	EndGlobalSection
	GlobalSection(ProjectConfigurationPlatforms) = postSolution
		{689DA76A-CA52-4880-AA1F-201BB0C56A2C}.Debug|Any CPU.ActiveCfg = Debug|Any CPU
		{689DA76A-CA52-4880-AA1F-201BB0C56A2C}.Debug|Any CPU.Build.0 = Debug|Any CPU
		{689DA76A-CA52-4880-AA1F-201BB0C56A2C}.Release|Any CPU.ActiveCfg = Release|Any CPU
		{689DA76A-CA52-4880-AA1F-201BB0C56A2C}.Release|Any CPU.Build.0 = Release|Any CPU
	EndGlobalSection
	GlobalSection(SolutionProperties) = preSolution
		HideSolutionNode = FALSE
	EndGlobalSection
	GlobalSection(ExtensibilityGlobals) = postSolution
		SolutionGuid = {5A3A8E4A-3756-4BF4-80F1-523E488030D3}
	EndGlobalSection
EndGlobal
